version = 1
revision = 5
requires-python = "==3.10.12"

[[package]]
name = "cdxj-indexer"
version = "1.5.0"
source = { registry = "https://pypi.org/simple" }
dependencies = [
    { name = "multipart" },
    { name = "py3amf" },
    { name = "surt" },
    { name = "warcio" },
]
sdist = { url = "https://files.pythonhosted.org/packages/a1/bc/56f3b156c58fc1c1eadd95e69ff7178c45ddb7a750876254a7f0ad69b600/cdxj_indexer-1.5.0.tar.gz", hash = "sha256:ecac1f76c9bf77ed1720e1ff875e4fa6b7ae3376ecceb7c4f0d167e5ccc3f8ef", size = 19346, upload-time = "2026-10-01T22:33:18.59Z" }
wheels = [
    { url = "https://files.pythonhosted.org/packages/c7/9c/bc2f7827146b36ad3db63e65932450bae21bda34f939c4f522e998c33f59/cdxj_indexer-1.5.0-py2.py3-none-any.whl", hash = "sha256:5f7f0f15249c9821fb02543dd6e10546967060139c7f47c5760627b29b2ebc38", size = 15000, upload-time = "2026-10-01T22:33:17.545Z" },
]

[[package]]
name = "certifi"
version = "2026.7.22"
source = { registry = "https://pypi.org/simple" }
sdist = { url = "https://files.pythonhosted.org/packages/a3/c2/24167ea9858356b47a87a50d39908bfdb72ceeefe0041586e704e5376b3a/certifi-2026.7.22.tar.gz", hash = "sha256:741e2c3b351ddf169a738da9f2c048608ff7f2c5cc02f1ebc6b118bb090d5d55", size = 138112, upload-time = "2026-07-22T03:35:12.644Z" }
wheels = [
    { url = "https://files.pythonhosted.org/packages/0b/a7/71ac2cff56fec219ed242bb11b8efb69fcc4bec75db06fb7bfe35de520e6/certifi-2026.7.22-py3-none-any.whl", hash = "sha256:62f22742b58a1a33014a2b6b706588a8d7e2a88ae7bd1a6ebe8c992928483775", size = 136983, upload-time = "2026-07-22T03:35:11.276Z" },
]

[[package]]
name = "charset-normalizer"
version = "3.5.2"
source = { registry = "https://pypi.org/simple" }
sdist = { url = "https://files.pythonhosted.org/packages/33/1c/f41d4e74c28ab327ff3acd36053f7ea506c55872d7a90b0fa71aa3ab0c89/charset_normalizer-3.5.2.tar.gz", hash = "sha256:39de2a259fc954455c57274dc94c79d5842774e1247a016aff30bc0efed0f4ef", size = 172659, upload-time = "2026-09-30T04:39:23.398Z" }
wheels = [
    { url = "https://files.pythonhosted.org/packages/98/77/46e87bcfc45d25ab4db7cfc9bb544bfa3ffd302289ed31ae93f5433eb899/charset_normalizer-3.5.2-cp310-cp310-macosx_10_9_universal2.whl", hash = "sha256:195c26fb65950f8fce54e26349852b7bdd7c5f120aeefbcc440b8a20faaed4a3", size = 373348, upload-time = "2026-09-30T04:34:42.843Z" },
    { url = "https://files.pythonhosted.org/packages/52/fc/e518013affcc43c9f919c3ba41bffe9b4ee4aceb0a6462a6243efcca5f2d/charset_normalizer-3.5.2-cp310-cp310-manylinux2014_aarch64.manylinux_2_17_aarch64.manylinux_2_28_aarch64.whl", hash = "sha256:9373ad13ef0d2c0fb761e04e55bfdee5a08b52cef2c882c8fbe9935b1517152e", size = 260860, upload-time = "2026-09-30T04:34:44.817Z" },
    { url = "https://files.pythonhosted.org/packages/d5/ad/2a895c945ee61988dfd9ccee64f0b78dc09f29c9b34d1dd545246d78e0ad/charset_normalizer-3.5.2-cp310-cp310-manylinux2014_armv7l.manylinux_2_17_armv7l.manylinux_2_31_armv7l.whl", hash = "sha256:ddf19c062bea7a0cc80f519243d2c01dd091be0cf952a0750d4ad576709559f5", size = 246491, upload-time = "2026-09-30T04:34:46.227Z" },
    { url = "https://files.pythonhosted.org/packages/c9/05/5d958bc8ea503e26be25ada5430fd409cfb45dc22ff33f9f96e649613c99/charset_normalizer-3.5.2-cp310-cp310-manylinux2014_ppc64le.manylinux_2_17_ppc64le.manylinux_2_28_ppc64le.whl", hash = "sha256:3d14b50de6bf4d0edf857a9386836846f982b8f524e188e2e68b96d702bcf4aa", size = 290875, upload-time = "2026-09-30T04:34:47.691Z" },
    { url = "https://files.pythonhosted.org/packages/55/e2/06bad57dfdb49cad92c0ba85b6b4fa5827a67df37897287cfef0553843c2/charset_normalizer-3.5.2-cp310-cp310-manylinux2014_s390x.manylinux_2_17_s390x.manylinux_2_28_s390x.whl", hash = "sha256:28a15fdad492a99b6eccfaaed66ef3f74050680545ea61ec8b2f4c538f1f1320", size = 286987, upload-time = "2026-09-30T04:34:49.356Z" },
    { url = "https://files.pythonhosted.org/packages/c4/9f/9f52d2886d52645987d603425482c63c5045a3005db1354a7097e5ed1ae9/charset_normalizer-3.5.2-cp310-cp310-manylinux2014_x86_64.manylinux_2_17_x86_64.manylinux_2_28_x86_64.whl", hash = "sha256:8a893cc101149f80a653f82062ebc95b34525a2614382e1da5458fe7c6997249", size = 271105, upload-time = "2026-09-30T04:34:50.957Z" },
    { url = "https://files.pythonhosted.org/packages/4a/41/e05e19578b7b87e7db2c3ecb884bd09d065274ab41e1f535542e8bae9b06/charset_normalizer-3.5.2-cp310-cp310-manylinux_2_31_riscv64.manylinux_2_39_riscv64.whl", hash = "sha256:619799369eeef6366ed3e8755a5670f4f2f0fb6b30a0fd7264dc0fdc2357058e", size = 269833, upload-time = "2026-09-30T04:34:52.623Z" },
    { url = "https://files.pythonhosted.org/packages/c2/cd/fc7152414561ff78f9c61a4a627025f65fd244abaefc99ac4e75c6169b33/charset_normalizer-3.5.2-cp310-cp310-musllinux_1_2_aarch64.whl", hash = "sha256:447441e76ec720b15e64418d32e092297340387053047c7c694f579efb0ee1d9", size = 263048, upload-time = "2026-09-30T04:34:54.013Z" },
    { url = "https://files.pythonhosted.org/packages/71/71/fb379e399b1013962716a059d551e03bd80b3e02f05d81246886af6c0958/charset_normalizer-3.5.2-cp310-cp310-musllinux_1_2_armv7l.whl", hash = "sha256:62588a277bfb59def052abd940703fa35107152bf479781a878617d60faf8fb5", size = 249237, upload-time = "2026-09-30T04:34:55.373Z" },
    { url = "https://files.pythonhosted.org/packages/33/4f/aeadccd6d20882909eb2597ec40eccc05d505e2262f14dc76d7620700657/charset_normalizer-3.5.2-cp310-cp310-musllinux_1_2_ppc64le.whl", hash = "sha256:44bd4fbb29dfbeba60e7d2bd000c59e4b21ddb3cc53912b14048d37092706d7c", size = 290756, upload-time = "2026-09-30T04:34:56.867Z" },
    { url = "https://files.pythonhosted.org/packages/b9/7b/e8a92613236b257d3b75d532496eb21f68ad8231d7d56df94497e460112e/charset_normalizer-3.5.2-cp310-cp310-musllinux_1_2_riscv64.whl", hash = "sha256:30fcd120b732aa79317f08dee04d7de0847822e4cf7ee0e9f445bb958832252c", size = 269026, upload-time = "2026-09-30T04:34:58.278Z" },
    { url = "https://files.pythonhosted.org/packages/ff/ac/21d5c6b972285c5f095ff78afdc99f3539e3985dfcf7ff1cfbe9e772f529/charset_normalizer-3.5.2-cp310-cp310-musllinux_1_2_s390x.whl", hash = "sha256:50e3adfb96fc189eb27b1cf62d3b598b89b4bb0420d93a3d3e42e137409011be", size = 287601, upload-time = "2026-09-30T04:34:59.703Z" },
    { url = "https://files.pythonhosted.org/packages/59/72/263491ec1494a194b16fcbff88a0220f2af633738c79e92b4d7189226322/charset_normalizer-3.5.2-cp310-cp310-musllinux_1_2_x86_64.whl", hash = "sha256:b736353c0a625bbd5fcec108576e2385db3496f4f771f785ff32e108d3c3bc45", size = 272660, upload-time = "2026-09-30T04:35:01.26Z" },
    { url = "https://files.pythonhosted.org/packages/38/7a/81f1186c57e406233969ae96b5fd0c907254ab8b6e47da8ae24cd20fb9d7/charset_normalizer-3.5.2-cp310-cp310-win32.whl", hash = "sha256:f5833ad231be5eb6553de524a70f48d71b2c8563101750531e0b80184e175cd4", size = 187301, upload-time = "2026-09-30T04:35:02.659Z" },
    { url = "https://files.pythonhosted.org/packages/ae/ab/fb8b5178fdf7bf68efa61cbe892286bc9f73846f26147d4725fb89388475/charset_normalizer-3.5.2-cp310-cp310-win_amd64.whl", hash = "sha256:1461ac396c4fdb983a675f20aa555624f0ee18ac83d832b9244ffff3d8055275", size = 215446, upload-time = "2026-09-30T04:35:04.011Z" },
    { url = "https://files.pythonhosted.org/packages/36/40/e270b74e0d3f583d78d902960845a149e80eb7c737ee5613ccc6efc7264b/charset_normalizer-3.5.2-cp310-cp310-win_arm64.whl", hash = "sha256:c6708715abcf3c73b99508253e961a9967f02fe536532834149574eda6de0d1c", size = 203389, upload-time = "2026-09-30T04:35:05.577Z" },
    { url = "https://files.pythonhosted.org/packages/8c/ab/176fbfd5b64939c55d652366aa5b9ef1d767af207a3aa6ebeb0d226c484d/charset_normalizer-3.5.2-cp37-abi3-macosx_10_9_universal2.whl", hash = "sha256:4275811936e2f06feff5e598fb42a1b7ae852da8e39605211892b56b81a34efd", size = 331815, upload-time = "2026-09-30T04:38:26.216Z" },
    { url = "https://files.pythonhosted.org/packages/7e/84/371eac6b30bdbcbf2d632a1a01809103459216fcaae61b8b8d922c1bfb8a/charset_normalizer-3.5.2-cp37-abi3-manylinux1_x86_64.manylinux_2_28_x86_64.manylinux_2_5_x86_64.whl", hash = "sha256:1c50fe28bbc2ced33386f298650d91218076c05420e6cbd790b913adc41659e7", size = 253276, upload-time = "2026-09-30T04:38:28.032Z" },
    { url = "https://files.pythonhosted.org/packages/43/6f/c4fbae58febff71709c51bc7e18fdfa55341dc382704740f9f0cbf03817b/charset_normalizer-3.5.2-cp37-abi3-manylinux2014_aarch64.manylinux_2_17_aarch64.manylinux_2_28_aarch64.whl", hash = "sha256:d19fbd981a488e22cd04883659ca6b08f50b5974f9fd7c95655ef6a043e5893f", size = 241239, upload-time = "2026-09-30T04:38:29.732Z" },
    { url = "https://files.pythonhosted.org/packages/61/71/458c3f42164a07d0c5210798e9e704b39e540a6793b05aba67f3a35243a9/charset_normalizer-3.5.2-cp37-abi3-manylinux2014_armv7l.manylinux_2_17_armv7l.manylinux_2_31_armv7l.whl", hash = "sha256:0fed1d06615f022ee3b13caf5e8b180cfea32bb2c5aded8a9d44277afc040f93", size = 231121, upload-time = "2026-09-30T04:38:31.462Z" },
    { url = "https://files.pythonhosted.org/packages/09/54/ab9e89367076f6331bb6c65c4bf14a5361fa5191cb6561bf534f18504e1b/charset_normalizer-3.5.2-cp37-abi3-manylinux2014_ppc64le.manylinux_2_17_ppc64le.manylinux_2_28_ppc64le.whl", hash = "sha256:838dcc90063569a0448120554591a1d6c4a4ffe11babf048908793154ab86ade", size = 260350, upload-time = "2026-09-30T04:38:33.239Z" },
    { url = "https://files.pythonhosted.org/packages/7c/c1/061431ecc688d9d76602502cb57cc01e691e682c18f1beb45f9673b5bbd2/charset_normalizer-3.5.2-cp37-abi3-manylinux2014_s390x.manylinux_2_17_s390x.manylinux_2_28_s390x.whl", hash = "sha256:2ce45c6627b22c47e390bc91a41c3d13032192e699fa0bea96e9671b373d69b0", size = 255430, upload-time = "2026-09-30T04:38:34.865Z" },
    { url = "https://files.pythonhosted.org/packages/8d/1f/20c8949f0676f7ab811abdeb7f4d7f1cbc6e61ff20bef08b44edeb092bc8/charset_normalizer-3.5.2-cp37-abi3-manylinux_2_31_riscv64.manylinux_2_39_riscv64.whl", hash = "sha256:0774bf9bf620249fee3e0b8b9fd3065de213be30f3aa94ce2494b3b638949e26", size = 250612, upload-time = "2026-09-30T04:38:36.649Z" },
    { url = "https://files.pythonhosted.org/packages/2b/9e/46f2fa4c431fc98c4ae76a8cb5bdca54e0341e3cfc3fcfd8e82740250818/charset_normalizer-3.5.2-cp37-abi3-musllinux_1_2_aarch64.whl", hash = "sha256:1db38f4c5496827c1a501846d64d14c3b80c7e6714e406cd7dc36a9899fa1011", size = 242083, upload-time = "2026-09-30T04:38:38.26Z" },
    { url = "https://files.pythonhosted.org/packages/bd/39/559be29a0c0f086e0bba6922babd38916cc5e0b58ced4de13ee01ea05508/charset_normalizer-3.5.2-cp37-abi3-musllinux_1_2_armv7l.whl", hash = "sha256:304d8e4d493af723536393eee0c689eb7813f4a474c8b479dee63f1fdd98f621", size = 232738, upload-time = "2026-09-30T04:38:39.81Z" },
    { url = "https://files.pythonhosted.org/packages/ff/6c/387b0e4f756a282831c1d9fc6aeb6c51ca4507ca202767c8de15ce9b12e2/charset_normalizer-3.5.2-cp37-abi3-musllinux_1_2_ppc64le.whl", hash = "sha256:9b7f416ff0978e2f2249330527f0ad6fa02f4932e6199692d3b52da2048c19e4", size = 260703, upload-time = "2026-09-30T04:38:41.346Z" },
    { url = "https://files.pythonhosted.org/packages/96/92/1fdf015f09ef449f50d3ac4b67c90887c9c318b727daa95cc4f866e6521d/charset_normalizer-3.5.2-cp37-abi3-musllinux_1_2_riscv64.whl", hash = "sha256:01077390b03f7988f11d700a2194e69b119741a86b1a638b1db88891e3eced8e", size = 247622, upload-time = "2026-09-30T04:38:42.937Z" },
    { url = "https://files.pythonhosted.org/packages/dc/3c/8e7b8a5671ad5d433669fb2a76f1a0164df2d9b1718b0206bc2a16d840cc/charset_normalizer-3.5.2-cp37-abi3-musllinux_1_2_s390x.whl", hash = "sha256:7e841fb9010836c992c9f12fcbd43a831de93a5f726fc1ccd8ca1d0268c5014c", size = 257500, upload-time = "2026-09-30T04:38:44.604Z" },
    { url = "https://files.pythonhosted.org/packages/b4/f0/45b579df5cabc1d5d53ea1cc35e8437d3ca768c0acccc7041517cb6fbb32/charset_normalizer-3.5.2-cp37-abi3-musllinux_1_2_x86_64.whl", hash = "sha256:9cae88599c7219005d879f98e5ed53341e9a122af585e1091200358a3003d2a0", size = 255100, upload-time = "2026-09-30T04:38:46.289Z" },
    { url = "https://files.pythonhosted.org/packages/31/68/fdec18a343f5fb3f310588dd478b09ac4799e0b187dbade3a8cd776f03ef/charset_normalizer-3.5.2-cp37-abi3-win32.whl", hash = "sha256:01b0c0d2262a9e28e8484a278c7e1b5d650e3ac8cf2683d2967e25899f208bdf", size = 174499, upload-time = "2026-09-30T04:38:47.999Z" },
    { url = "https://files.pythonhosted.org/packages/9d/8a/b618149cc5207943a0242068d7a27897f56a62947b5a039085f2a22029f8/charset_normalizer-3.5.2-cp37-abi3-win_amd64.whl", hash = "sha256:9f56f72050826f63dcee7a7f55b0a77168cb3bfc553fd405e7f8f9ece75a4036", size = 200092, upload-time = "2026-09-30T04:38:49.707Z" },
    { url = "https://files.pythonhosted.org/packages/03/cf/4c66866fa9e2b1c78e3c911516d1de497a677b7ac60f1eceda74ce777ca3/charset_normalizer-3.5.2-cp37-abi3-win_arm64.whl", hash = "sha256:40ab6bffa02ae10a0581e6c198be7d2d8ca5c2a0c64e4ed3465d766df457573e", size = 294363, upload-time = "2026-09-30T04:38:51.312Z" },
    { url = "https://files.pythonhosted.org/packages/fc/ad/d07d7862a62ffa6d79d68074d14823243dd235a77c45262acbf6adeb28bf/charset_normalizer-3.5.2-py3-none-any.whl", hash = "sha256:b6b751274acb69d77b3323d6b7dbaa3c7fdfc1eb829b7eb61d262f32e1af9685", size = 68872, upload-time = "2026-09-30T04:39:21.828Z" },
]

[[package]]
name = "defusedxml"
version = "0.7.1"
source = { registry = "https://pypi.org/simple" }
sdist = { url = "https://files.pythonhosted.org/packages/0f/d5/c66da9b79e5bdb124974bfe172b4daf3c984ebd9c2a06e2b8a4dc7331c72/defusedxml-0.7.1.tar.gz", hash = "sha256:1bb3032db185915b62d7c6209c5a8792be6a32ab2fedacc84e01b52c51aa3e69", size = 75520, upload-time = "2021-03-08T10:59:26.269Z" }
wheels = [
    { url = "https://files.pythonhosted.org/packages/07/6c/aa3f2f849e01cb6a001cd8554a88d4c77c5c1a31c95bdf1cf9301e6d9ef4/defusedxml-0.7.1-py2.py3-none-any.whl", hash = "sha256:a352e7e428770286cc899e2542b6cdaedb2b4953ff269a210103ec58f6198a61", size = 25604, upload-time = "2021-03-08T10:59:24.45Z" },
]

[[package]]
name = "filelock"
version = "4.0.11"
source = { registry = "https://pypi.org/simple" }
sdist = { url = "https://files.pythonhosted.org/packages/d8/9c/925c4f62920e4200d573d2bfe5cfd1b993134c3aee5f9bd3b7c55e20297e/filelock-4.0.11.tar.gz", hash = "sha256:9dc453a1edd25626a6fc97c2cb1bd9f7e46345843d40b3181c071761fb9a5f7a", size = 253844, upload-time = "2026-10-05T00:57:32.47Z" }
wheels = [
    { url = "https://files.pythonhosted.org/packages/4a/4d/2983a9fc0a412a09151299d1ec9eb7511e3d577f7213e19395fabebf9db6/filelock-4.0.11-py3-none-any.whl", hash = "sha256:1cbdc4ace7fb11d2f6d073f5c3d91537a23b3d58d2bf2fdffc12c6d717a589c6", size = 111688, upload-time = "2026-10-05T00:57:30.896Z" },
]

[[package]]
name = "idna"
version = "3.20"
source = { registry = "https://pypi.org/simple" }
sdist = { url = "https://files.pythonhosted.org/packages/f5/08/8eea9d4b8302028f3abb2c0813953f7aec26d33b7a8960ed760e65ff29fa/idna-3.20.tar.gz", hash = "sha256:a7db850025b95ded1eae8a46181a1a6c56c92c96f0e2b005d9ff8dc0210cab44", size = 216463, upload-time = "2026-09-17T14:11:04.752Z" }
wheels = [
    { url = "https://files.pythonhosted.org/packages/58/a2/bb081bab032533a855d44de1d56f8e8426114ff1ba5d1f07a438a0a654f8/idna-3.20-py3-none-any.whl", hash = "sha256:ab7ae7122974553370f0bdb919e1a960b2cd1bc1ef0276416d896db81c14582c", size = 69583, upload-time = "2026-09-17T14:11:03.168Z" },
]

[[package]]
name = "multipart"
version = "2.0.1"
source = { registry = "https://pypi.org/simple" }
sdist = { url = "https://files.pythonhosted.org/packages/a5/d5/440ca1e07162d93b6645942e36e8721d2e54ff28d265abec73a6339a6c59/multipart-2.0.1.tar.gz", hash = "sha256:5dfea7ce4260e10a9e620369449e7d41c269a94e192db9ea4af1a0059cddd370", size = 42844, upload-time = "2026-09-25T14:07:02.649Z" }
wheels = [
    { url = "https://files.pythonhosted.org/packages/20/f1/11873ce60ad824ac44f796de9879879dcd62672a172cbafe6e26eb2ea848/multipart-2.0.1-py3-none-any.whl", hash = "sha256:ac54d6bd0353ee30d2703af75adacd8b2052d4adb634e9e74dc7c5b06e0bcd86", size = 16448, upload-time = "2026-09-25T14:07:01.247Z" },
]

[[package]]
name = "py3amf"
version = "0.9.1"
source = { registry = "https://pypi.org/simple" }
dependencies = [
    { name = "defusedxml" },
]
sdist = { url = "https://files.pythonhosted.org/packages/01/df/4a89217635f5cf2532ca1c7a1073b79b5620c0897c8a34a46752d5eed509/py3amf-0.9.1.tar.gz", hash = "sha256:c9414aa31032978f258fd97c7334f60da0bda9b5e73fa526f7c43a995da5bf78", size = 1433119, upload-time = "2026-07-15T07:57:34.256Z" }
wheels = [
    { url = "https://files.pythonhosted.org/packages/ec/6c/ec602117f0226905e36626c661cecdaf2d28113623c764a33b7a95f6c0b6/py3amf-0.9.1-py3-none-any.whl", hash = "sha256:8d97c0e9206e33d72c23d0ce6a729f53cbdb57537b3a10445de7bdfd47641a73", size = 208265, upload-time = "2026-07-15T07:57:32.287Z" },
]

[[package]]
name = "requests"
version = "2.34.2"
source = { registry = "https://pypi.org/simple" }
dependencies = [
    { name = "certifi" },
    { name = "charset-normalizer" },
    { name = "idna" },
    { name = "urllib3" },
]
sdist = { url = "https://files.pythonhosted.org/packages/ac/c3/e2a2b89f2d3e2179abd6d00ebd70bff6273f37fb3e0cc209f48b39d00cbf/requests-2.34.2.tar.gz", hash = "sha256:f288924cae4e29463698d6d60bc6a4da69c89185ad1e0bcc4104f584e960b9ed", size = 142856, upload-time = "2026-05-14T19:25:27.735Z" }
wheels = [
    { url = "https://files.pythonhosted.org/packages/a0/f4/c67b0b3f1b9245e8d266f0f112c500d50e5b4e83cb6f3b71b6528104182a/requests-2.34.2-py3-none-any.whl", hash = "sha256:2a0d60c172f83ac6ab31e4554906c0f3b3588d37b5cb939b1c061f4907e278e0", size = 73075, upload-time = "2026-05-14T19:25:26.443Z" },
]

[[package]]
name = "requests-file"
version = "3.0.1"
source = { registry = "https://pypi.org/simple" }
dependencies = [
    { name = "requests" },
]
sdist = { url = "https://files.pythonhosted.org/packages/3c/f8/5dc70102e4d337063452c82e1f0d95e39abfe67aa222ed8a5ddeb9df8de8/requests_file-3.0.1.tar.gz", hash = "sha256:f14243d7796c588f3521bd423c5dea2ee4cc730e54a3cac9574d78aca1272576", size = 6967, upload-time = "2025-10-20T18:56:42.279Z" }
wheels = [
    { url = "https://files.pythonhosted.org/packages/e1/d5/de8f089119205a09da657ed4784c584ede8381a0ce6821212a6d4ca47054/requests_file-3.0.1-py2.py3-none-any.whl", hash = "sha256:d0f5eb94353986d998f80ac63c7f146a307728be051d4d1cd390dbdb59c10fa2", size = 4514, upload-time = "2025-10-20T18:56:41.184Z" },
]

[[package]]
name = "six"
version = "1.17.0"
source = { registry = "https://pypi.org/simple" }
sdist = { url = "https://files.pythonhosted.org/packages/94/e7/b2c673351809dca68a0e064b6af791aa332cf192da575fd474ed7d6f16a2/six-1.17.0.tar.gz", hash = "sha256:ff70335d468e7eb6ec65b95b99d3a2836546063f63acc5171de367e834932a81", size = 34031, upload-time = "2024-12-04T17:35:28.174Z" }
wheels = [
    { url = "https://files.pythonhosted.org/packages/b7/ce/149a00dd41f10bc29e5921b496af8b574d8413afcd5e30dfa0ed46c2cc5e/six-1.17.0-py2.py3-none-any.whl", hash = "sha256:4721f391ed90541fddacab5acf947aa0d3dc7d27b2e1e8eda2be8970586c3274", size = 11050, upload-time = "2024-12-04T17:35:26.475Z" },
]

[[package]]
name = "surt"
version = "0.3.1"
source = { registry = "https://pypi.org/simple" }
dependencies = [
    { name = "six" },
    { name = "tldextract" },
]
sdist = { url = "https://files.pythonhosted.org/packages/47/52/500de6c33a1b92fef6a21c924ec7b7fc04cf178c751f28ad66d6e85af22d/surt-0.3.1.tar.gz", hash = "sha256:24167eb6c01f24f757eef9bca6bf0ec089ec05ad5b6213c3b727a5e58c0c4720", size = 9807, upload-time = "2019-08-22T20:47:58.758Z" }

[[package]]
name = "tldextract"
version = "5.4.0"
source = { registry = "https://pypi.org/simple" }
dependencies = [
    { name = "filelock" },
    { name = "idna" },
    { name = "requests" },
    { name = "requests-file" },
]
sdist = { url = "https://files.pythonhosted.org/packages/fd/5d/45ece871390ccc985f821353543165bcf3784fa97d8484fd0ca5f2726612/tldextract-5.4.0.tar.gz", hash = "sha256:6c9223212c15c25c0da2bf7313893c14f175cb36b64a0c42da67a468e0c61ee3", size = 197271, upload-time = "2026-10-03T21:32:47.229Z" }
wheels = [
    { url = "https://files.pythonhosted.org/packages/b8/e0/d5760e222a7e3f3aec7ef59f6dff952af27d09ec168bcca50751d9698151/tldextract-5.4.0-py3-none-any.whl", hash = "sha256:7f02aed30bd3b6ad5717192eb859a39b20aafc7caf3917d9cf6cb00a58efb34f", size = 107482, upload-time = "2026-10-03T21:32:45.842Z" },
]

[[package]]
name = "urllib3"
version = "2.8.0"
source = { registry = "https://pypi.org/simple" }
sdist = { url = "https://files.pythonhosted.org/packages/e3/05/b17359e1cefb4f909b5e40b1b90a496d987258916dbbf88e842c729f510e/urllib3-2.8.0.tar.gz", hash = "sha256:63bf2ead4c879426ebf22ef2a781eeb4aa3b4ae798a0435506f8687fd5bb9b63", size = 458972, upload-time = "2026-09-15T19:29:36.253Z" }
wheels = [
    { url = "https://files.pythonhosted.org/packages/92/9d/c4e665119135114480843e7ab388fa94d8480650450e6f8e26b70d323a4c/urllib3-2.8.0-py3-none-any.whl", hash = "sha256:0cf3cae568d36aa9576b28dfb35f11328f1cb974ca7647d9475ebb86c75ac6e3", size = 135717, upload-time = "2026-09-15T19:29:34.577Z" },
]

[[package]]
name = "warcio"
version = "1.8.1"
source = { registry = "https://pypi.org/simple" }
dependencies = [
    { name = "six" },
]
sdist = { url = "https://files.pythonhosted.org/packages/20/78/df7e1c40a3751ea966be84eb6645270831e511f9932740b5251ace028cfa/warcio-1.8.1.tar.gz", hash = "sha256:76f71b22159ca3c043521e10ee8a2478d167672ad1d137c7c15e40b0d5c73ccd", size = 65772, upload-time = "2026-03-31T16:10:32.196Z" }
wheels = [
    { url = "https://files.pythonhosted.org/packages/c5/be/d92c0899bd52c7f82fc0f8caa8fb3c624e6d1006ee208c710060cda216c2/warcio-1.8.1-py2.py3-none-any.whl", hash = "sha256:82345c5914d36cb5e0513210dbf759e3db348bf8d0f7762996ccce3a5ce6e87b", size = 41578, upload-time = "2026-03-31T16:10:31.059Z" },
]

[[package]]
name = "was-robot-suite"
version = "0.1.0"
source = { virtual = "." }
dependencies = [
    { name = "cdxj-indexer" },
]

[package.metadata]
requires-dist = [{ name = "cdxj-indexer", specifier = ">=1.4.5,<2.0.0" }]
