version = 1
revision = 3
requires-python = "==3.10.12"

[[package]]
name = "cdxj-indexer"
version = "1.4.6"
source = { registry = "https://pypi.org/simple" }
dependencies = [
    { name = "idna" },
    { name = "multipart" },
    { name = "py3amf" },
    { name = "surt" },
    { name = "warcio" },
]
sdist = { url = "https://files.pythonhosted.org/packages/ef/b1/01fd5e8316cdfca178e951ba554309b9fe20910328039ca03830d7ca11ac/cdxj_indexer-1.4.6.tar.gz", hash = "sha256:7606d0c3eeba530323f6fafa62647c74c86ddefdca1edffa2d9d303388112238", size = 19024, upload-time = "2024-12-10T21:39:01.64Z" }
wheels = [
    { url = "https://files.pythonhosted.org/packages/ea/57/b2489ba52732906a1ec59c0a852ce35f806a5afe2d4e5c83c3f407e44891/cdxj_indexer-1.4.6-py2.py3-none-any.whl", hash = "sha256:91ff88e0ca8f39f9e772ccfb6e3d245344b8e80db04cca5e88f184f8cbbd6604", size = 14993, upload-time = "2024-12-10T21:39:00.091Z" },
]

[[package]]
name = "certifi"
version = "2026.6.17"
source = { registry = "https://pypi.org/simple" }
sdist = { url = "https://files.pythonhosted.org/packages/c9/c7/424b75da314c1045981bd9777432fad05a9e0c69daa4ed7e308bbaffe405/certifi-2026.6.17.tar.gz", hash = "sha256:024c88eeec92ca068db80f02b8b07c9cef7b9fe261d1d535abfd5abd6f6af432", size = 134594, upload-time = "2026-06-17T10:31:07.894Z" }
wheels = [
    { url = "https://files.pythonhosted.org/packages/ef/2f/c5464532e965badff2f4c4c1a3a83f5697f0d7c407ed0cda44aaa99bb451/certifi-2026.6.17-py3-none-any.whl", hash = "sha256:2227dcbaafe0d2f59279d1762ddddc37783ed4354594f194ffc31d20f41fc3db", size = 133289, upload-time = "2026-06-17T10:31:06.348Z" },
]

[[package]]
name = "charset-normalizer"
version = "3.4.9"
source = { registry = "https://pypi.org/simple" }
sdist = { url = "https://files.pythonhosted.org/packages/bd/2a/23f34ec9d04624958e137efdc394888716353190e75f25dd22c7a2c7a8aa/charset_normalizer-3.4.9.tar.gz", hash = "sha256:673611bbd43f0810bec0b0f028ddeaaa501190339cac411f347ac76917c3ae7b", size = 152439, upload-time = "2026-07-07T14:34:58.454Z" }
wheels = [
    { url = "https://files.pythonhosted.org/packages/ad/81/8e983840c6e5b93b33c2ba81aa3d52c2e42f0e9a690ce7607a2e61da4a5c/charset_normalizer-3.4.9-cp310-cp310-macosx_10_9_universal2.whl", hash = "sha256:cd6280cf040f233bd7d3407b743b4b4c74f70e8e1c4199cb112a62c941c0772a", size = 322240, upload-time = "2026-07-07T14:32:36.236Z" },
    { url = "https://files.pythonhosted.org/packages/de/d1/b4319dc3229d8272fba305e206fc0a148e2de8d4087917ce62ae6382f359/charset_normalizer-3.4.9-cp310-cp310-manylinux2014_aarch64.manylinux_2_17_aarch64.manylinux_2_28_aarch64.whl", hash = "sha256:aa99adc8f081b475a12843953db36831eaf83ec33eb46a90629ca6a5de45a616", size = 216475, upload-time = "2026-07-07T14:32:38.142Z" },
    { url = "https://files.pythonhosted.org/packages/80/33/6c99c1b3e6b8bf730e1bc809b9a2608f224145069114c479a2e9e1494346/charset_normalizer-3.4.9-cp310-cp310-manylinux2014_ppc64le.manylinux_2_17_ppc64le.manylinux_2_28_ppc64le.whl", hash = "sha256:c1225416b463483160e4af85d5fc3a9690ccb53fd4b1865a6437825f5ede3209", size = 238670, upload-time = "2026-07-07T14:32:39.658Z" },
    { url = "https://files.pythonhosted.org/packages/7f/f4/ffbb83546e1f198ecc70ecd372b65cf2b50f9068b380abd67640f17a8e18/charset_normalizer-3.4.9-cp310-cp310-manylinux2014_s390x.manylinux_2_17_s390x.manylinux_2_28_s390x.whl", hash = "sha256:16d10d789dd9bcca1173c95af82c58433122564b7bc39385124be735a35cbe99", size = 233476, upload-time = "2026-07-07T14:32:41.155Z" },
    { url = "https://files.pythonhosted.org/packages/e8/5f/b98b8da398637b551e427e7be922bdec19177dc54d6811dcdaa503f23aac/charset_normalizer-3.4.9-cp310-cp310-manylinux2014_x86_64.manylinux_2_17_x86_64.manylinux_2_28_x86_64.whl", hash = "sha256:9bb41182d93ea91f60b4bc8fbf4c820c69ef8a12ab2d917f3f1834f1acad07e8", size = 223817, upload-time = "2026-07-07T14:32:42.592Z" },
    { url = "https://files.pythonhosted.org/packages/36/31/a276bb2e66243072a3fd06fdcab9cbb61a305b02143d70d2bda21d888fa8/charset_normalizer-3.4.9-cp310-cp310-manylinux_2_31_armv7l.whl", hash = "sha256:bcf74c1df76758a395bf0af608c04c82257523f55c9868b334f06270d0f2112b", size = 207974, upload-time = "2026-07-07T14:32:44.258Z" },
    { url = "https://files.pythonhosted.org/packages/5e/be/7ee4453d7e88dfbc4104ccd34900b9f2c7c17dac22881865fe0e82424a25/charset_normalizer-3.4.9-cp310-cp310-manylinux_2_31_riscv64.manylinux_2_39_riscv64.whl", hash = "sha256:b5314963fce9b0b12743891de876e724997864ee22aa496f903f426c7e2fa5b2", size = 221655, upload-time = "2026-07-07T14:32:45.64Z" },
    { url = "https://files.pythonhosted.org/packages/1d/85/181c652953eb5276d198f375b1dd641047392050098100a3a02d6534f657/charset_normalizer-3.4.9-cp310-cp310-musllinux_1_2_aarch64.whl", hash = "sha256:e9701d0049d92c16703a42771b98d560b95248949f23f8cf7b4eddd201814fb9", size = 219229, upload-time = "2026-07-07T14:32:47.376Z" },
    { url = "https://files.pythonhosted.org/packages/0c/e7/aaf6da33fc9f4691cda8f7efbc9f69179d3d39ec8a4799baf273ee1d8db0/charset_normalizer-3.4.9-cp310-cp310-musllinux_1_2_armv7l.whl", hash = "sha256:65a7ff3f705e57d392f7261b6d0550fe137c3019477431f1c355e0db0a7d3e15", size = 209704, upload-time = "2026-07-07T14:32:48.855Z" },
    { url = "https://files.pythonhosted.org/packages/63/01/f2fb3bd3a73be48b173ee0c6aa8d2497af97d5663a8c4c4b491de4c62f7a/charset_normalizer-3.4.9-cp310-cp310-musllinux_1_2_x86_64.whl", hash = "sha256:79580094b00d1789d1f93ea55bc43cb2f611910c72235b7657f3482ddcc1b22d", size = 226243, upload-time = "2026-07-07T14:32:50.239Z" },
    { url = "https://files.pythonhosted.org/packages/c4/02/c57a22739fe05246b0b5783b3bfb6afaac4eebb46f3ececdfb2f048f780e/charset_normalizer-3.4.9-cp310-cp310-win32.whl", hash = "sha256:432786d3561e69aeeae6c7e8648964ce0ad05736120135601f87ac26b9c83381", size = 150935, upload-time = "2026-07-07T14:32:51.676Z" },
    { url = "https://files.pythonhosted.org/packages/37/8d/ca39a7559a4797505530d084fd3a49a2c959efbbbff146302fb7be4e3b35/charset_normalizer-3.4.9-cp310-cp310-win_amd64.whl", hash = "sha256:8c041122946b7ba21bb32c45b1aa57b1be35527690aeb3c5c234521085632eee", size = 162314, upload-time = "2026-07-07T14:32:53.193Z" },
    { url = "https://files.pythonhosted.org/packages/01/da/a44bd7a13d426e69e4894557106cd58669097bfad4a8681123b618fbfc5d/charset_normalizer-3.4.9-cp310-cp310-win_arm64.whl", hash = "sha256:375b83ed0aecfce76c16d198fbc21f3b11b337d68662bea0a995046682a11419", size = 153075, upload-time = "2026-07-07T14:32:54.554Z" },
    { url = "https://files.pythonhosted.org/packages/98/2b/f97f1c193fb855c345d678f5077d6926034db0722df74c8f057020e05a25/charset_normalizer-3.4.9-py3-none-any.whl", hash = "sha256:68e5f26a1ad57ded6d1cfb85331d1c1a195314756471d97758c48498bb4dcdf5", size = 64538, upload-time = "2026-07-07T14:34:56.993Z" },
]

[[package]]
name = "defusedxml"
version = "0.7.1"
source = { registry = "https://pypi.org/simple" }
sdist = { url = "https://files.pythonhosted.org/packages/0f/d5/c66da9b79e5bdb124974bfe172b4daf3c984ebd9c2a06e2b8a4dc7331c72/defusedxml-0.7.1.tar.gz", hash = "sha256:1bb3032db185915b62d7c6209c5a8792be6a32ab2fedacc84e01b52c51aa3e69", size = 75520, upload-time = "2021-03-08T10:59:26.269Z" }
wheels = [
    { url = "https://files.pythonhosted.org/packages/07/6c/aa3f2f849e01cb6a001cd8554a88d4c77c5c1a31c95bdf1cf9301e6d9ef4/defusedxml-0.7.1-py2.py3-none-any.whl", hash = "sha256:a352e7e428770286cc899e2542b6cdaedb2b4953ff269a210103ec58f6198a61", size = 25604, upload-time = "2021-03-08T10:59:24.45Z" },
]

[[package]]
name = "filelock"
version = "3.31.1"
source = { registry = "https://pypi.org/simple" }
sdist = { url = "https://files.pythonhosted.org/packages/53/55/1e19b2b56a24a4b94624f7e819e1bb87fa6c5609dbaf621df3aa6568a761/filelock-3.31.1.tar.gz", hash = "sha256:9e0c4e88ebe90833c1beafd3a547ccbc0bf7f491cd3858c3ec7aed63efe02163", size = 196656, upload-time = "2026-07-20T03:14:32.414Z" }
wheels = [
    { url = "https://files.pythonhosted.org/packages/88/61/df1d9db18f188d0ae648956a1decadc0e3b77d0571474370fd01f28a82b1/filelock-3.31.1-py3-none-any.whl", hash = "sha256:9ea33146c780161bf67cb20c7cb26b651566820d65ad8dfdd79422602a2dcfc0", size = 97189, upload-time = "2026-07-20T03:14:31.307Z" },
]

[[package]]
name = "idna"
version = "2.10"
source = { registry = "https://pypi.org/simple" }
sdist = { url = "https://files.pythonhosted.org/packages/ea/b7/e0e3c1c467636186c39925827be42f16fee389dc404ac29e930e9136be70/idna-2.10.tar.gz", hash = "sha256:b307872f855b18632ce0c21c5e45be78c0ea7ae4c15c828c20788b26921eb3f6", size = 175616, upload-time = "2020-06-27T23:45:05.21Z" }
wheels = [
    { url = "https://files.pythonhosted.org/packages/a2/38/928ddce2273eaa564f6f50de919327bf3a00f091b5baba8dfa9460f3a8a8/idna-2.10-py2.py3-none-any.whl", hash = "sha256:b97d804b1e9b523befed77c48dacec60e6dcb0b5391d57af6a65a312a90648c0", size = 58811, upload-time = "2020-06-27T23:45:03.457Z" },
]

[[package]]
name = "multipart"
version = "2.0.0"
source = { registry = "https://pypi.org/simple" }
sdist = { url = "https://files.pythonhosted.org/packages/49/c4/f3f0c57ec3e845bae038d3849af0e2b9d3f62a046b2a09af3f697ad882d6/multipart-2.0.0.tar.gz", hash = "sha256:d6076567b489270271d9ec103d404745da1501ad5b70e3a7f1f07f5623d82850", size = 42606, upload-time = "2026-07-18T16:03:23.993Z" }
wheels = [
    { url = "https://files.pythonhosted.org/packages/71/dd/feb9c23d5c5a382194a9f86b02e98b8724d745e1a1cf4ecb1a5c0f884aa1/multipart-2.0.0-py3-none-any.whl", hash = "sha256:b3d4d473c4b96bb43e0d54b76fcc3b89b904df28387daf54e08405eb2123a081", size = 16418, upload-time = "2026-07-18T16:03:22.599Z" },
]

[[package]]
name = "py3amf"
version = "0.9.1"
source = { registry = "https://pypi.org/simple" }
dependencies = [
    { name = "defusedxml" },
]
sdist = { url = "https://files.pythonhosted.org/packages/01/df/4a89217635f5cf2532ca1c7a1073b79b5620c0897c8a34a46752d5eed509/py3amf-0.9.1.tar.gz", hash = "sha256:c9414aa31032978f258fd97c7334f60da0bda9b5e73fa526f7c43a995da5bf78", size = 1433119, upload-time = "2026-07-15T07:57:34.256Z" }
wheels = [
    { url = "https://files.pythonhosted.org/packages/ec/6c/ec602117f0226905e36626c661cecdaf2d28113623c764a33b7a95f6c0b6/py3amf-0.9.1-py3-none-any.whl", hash = "sha256:8d97c0e9206e33d72c23d0ce6a729f53cbdb57537b3a10445de7bdfd47641a73", size = 208265, upload-time = "2026-07-15T07:57:32.287Z" },
]

[[package]]
name = "requests"
version = "2.34.2"
source = { registry = "https://pypi.org/simple" }
dependencies = [
    { name = "certifi" },
    { name = "charset-normalizer" },
    { name = "idna" },
    { name = "urllib3" },
]
sdist = { url = "https://files.pythonhosted.org/packages/ac/c3/e2a2b89f2d3e2179abd6d00ebd70bff6273f37fb3e0cc209f48b39d00cbf/requests-2.34.2.tar.gz", hash = "sha256:f288924cae4e29463698d6d60bc6a4da69c89185ad1e0bcc4104f584e960b9ed", size = 142856, upload-time = "2026-05-14T19:25:27.735Z" }
wheels = [
    { url = "https://files.pythonhosted.org/packages/a0/f4/c67b0b3f1b9245e8d266f0f112c500d50e5b4e83cb6f3b71b6528104182a/requests-2.34.2-py3-none-any.whl", hash = "sha256:2a0d60c172f83ac6ab31e4554906c0f3b3588d37b5cb939b1c061f4907e278e0", size = 73075, upload-time = "2026-05-14T19:25:26.443Z" },
]

[[package]]
name = "requests-file"
version = "3.0.1"
source = { registry = "https://pypi.org/simple" }
dependencies = [
    { name = "requests" },
]
sdist = { url = "https://files.pythonhosted.org/packages/3c/f8/5dc70102e4d337063452c82e1f0d95e39abfe67aa222ed8a5ddeb9df8de8/requests_file-3.0.1.tar.gz", hash = "sha256:f14243d7796c588f3521bd423c5dea2ee4cc730e54a3cac9574d78aca1272576", size = 6967, upload-time = "2025-10-20T18:56:42.279Z" }
wheels = [
    { url = "https://files.pythonhosted.org/packages/e1/d5/de8f089119205a09da657ed4784c584ede8381a0ce6821212a6d4ca47054/requests_file-3.0.1-py2.py3-none-any.whl", hash = "sha256:d0f5eb94353986d998f80ac63c7f146a307728be051d4d1cd390dbdb59c10fa2", size = 4514, upload-time = "2025-10-20T18:56:41.184Z" },
]

[[package]]
name = "six"
version = "1.17.0"
source = { registry = "https://pypi.org/simple" }
sdist = { url = "https://files.pythonhosted.org/packages/94/e7/b2c673351809dca68a0e064b6af791aa332cf192da575fd474ed7d6f16a2/six-1.17.0.tar.gz", hash = "sha256:ff70335d468e7eb6ec65b95b99d3a2836546063f63acc5171de367e834932a81", size = 34031, upload-time = "2024-12-04T17:35:28.174Z" }
wheels = [
    { url = "https://files.pythonhosted.org/packages/b7/ce/149a00dd41f10bc29e5921b496af8b574d8413afcd5e30dfa0ed46c2cc5e/six-1.17.0-py2.py3-none-any.whl", hash = "sha256:4721f391ed90541fddacab5acf947aa0d3dc7d27b2e1e8eda2be8970586c3274", size = 11050, upload-time = "2024-12-04T17:35:26.475Z" },
]

[[package]]
name = "surt"
version = "0.3.1"
source = { registry = "https://pypi.org/simple" }
dependencies = [
    { name = "six" },
    { name = "tldextract" },
]
sdist = { url = "https://files.pythonhosted.org/packages/47/52/500de6c33a1b92fef6a21c924ec7b7fc04cf178c751f28ad66d6e85af22d/surt-0.3.1.tar.gz", hash = "sha256:24167eb6c01f24f757eef9bca6bf0ec089ec05ad5b6213c3b727a5e58c0c4720", size = 9807, upload-time = "2019-08-22T20:47:58.758Z" }

[[package]]
name = "tldextract"
version = "5.3.1"
source = { registry = "https://pypi.org/simple" }
dependencies = [
    { name = "filelock" },
    { name = "idna" },
    { name = "requests" },
    { name = "requests-file" },
]
sdist = { url = "https://files.pythonhosted.org/packages/65/7b/644fbbb49564a6cb124a8582013315a41148dba2f72209bba14a84242bf0/tldextract-5.3.1.tar.gz", hash = "sha256:a72756ca170b2510315076383ea2993478f7da6f897eef1f4a5400735d5057fb", size = 126105, upload-time = "2025-12-28T23:58:05.532Z" }
wheels = [
    { url = "https://files.pythonhosted.org/packages/6d/42/0e49d6d0aac449ca71952ec5bae764af009754fcb2e76a5cc097543747b3/tldextract-5.3.1-py3-none-any.whl", hash = "sha256:6bfe36d518de569c572062b788e16a659ccaceffc486d243af0484e8ecf432d9", size = 105886, upload-time = "2025-12-28T23:58:04.071Z" },
]

[[package]]
name = "urllib3"
version = "2.7.0"
source = { registry = "https://pypi.org/simple" }
sdist = { url = "https://files.pythonhosted.org/packages/53/0c/06f8b233b8fd13b9e5ee11424ef85419ba0d8ba0b3138bf360be2ff56953/urllib3-2.7.0.tar.gz", hash = "sha256:231e0ec3b63ceb14667c67be60f2f2c40a518cb38b03af60abc813da26505f4c", size = 433602, upload-time = "2026-05-07T16:13:18.596Z" }
wheels = [
    { url = "https://files.pythonhosted.org/packages/7f/3e/5db95bcf282c52709639744ca2a8b149baccf648e39c8cc87553df9eae0c/urllib3-2.7.0-py3-none-any.whl", hash = "sha256:9fb4c81ebbb1ce9531cce37674bbc6f1360472bc18ca9a553ede278ef7276897", size = 131087, upload-time = "2026-05-07T16:13:17.151Z" },
]

[[package]]
name = "warcio"
version = "1.8.1"
source = { registry = "https://pypi.org/simple" }
dependencies = [
    { name = "six" },
]
sdist = { url = "https://files.pythonhosted.org/packages/20/78/df7e1c40a3751ea966be84eb6645270831e511f9932740b5251ace028cfa/warcio-1.8.1.tar.gz", hash = "sha256:76f71b22159ca3c043521e10ee8a2478d167672ad1d137c7c15e40b0d5c73ccd", size = 65772, upload-time = "2026-03-31T16:10:32.196Z" }
wheels = [
    { url = "https://files.pythonhosted.org/packages/c5/be/d92c0899bd52c7f82fc0f8caa8fb3c624e6d1006ee208c710060cda216c2/warcio-1.8.1-py2.py3-none-any.whl", hash = "sha256:82345c5914d36cb5e0513210dbf759e3db348bf8d0f7762996ccce3a5ce6e87b", size = 41578, upload-time = "2026-03-31T16:10:31.059Z" },
]

[[package]]
name = "was-robot-suite"
version = "0.1.0"
source = { virtual = "." }
dependencies = [
    { name = "cdxj-indexer" },
]

[package.metadata]
requires-dist = [{ name = "cdxj-indexer", specifier = ">=1.4.5,<2.0.0" }]
