# THIS IS AN AUTOGENERATED FILE. DO NOT EDIT THIS FILE DIRECTLY.
# yarn lockfile v1


"@napi-rs/canvas-android-arm64@1.0.1":
  version "1.0.1"
  resolved "https://registry.yarnpkg.com/@napi-rs/canvas-android-arm64/-/canvas-android-arm64-1.0.1.tgz#8f1903ac4183bec01ec812ffe66bc6e19ef92602"
  integrity sha512-d7ZCwJsgH4QNG50C7HQeVRsRG1gRDa1UeDUb1jEcqgLuiEJp6GVbGiZkFXPlmt0dEs2QHRQCPJoOv+bOkSQR/w==

"@napi-rs/canvas-darwin-arm64@1.0.1":
  version "1.0.1"
  resolved "https://registry.yarnpkg.com/@napi-rs/canvas-darwin-arm64/-/canvas-darwin-arm64-1.0.1.tgz#967919f5e0f997160ab87a1dfb74907716568b56"
  integrity sha512-ppyVSzIHsVldc3B++mdh03ed0Q0hoVR2QDG9O/wEUR0PurJKwDEEYV87uBQDpbSumJBfLEINDndsOPzQj71qEQ==

"@napi-rs/canvas-darwin-x64@1.0.1":
  version "1.0.1"
  resolved "https://registry.yarnpkg.com/@napi-rs/canvas-darwin-x64/-/canvas-darwin-x64-1.0.1.tgz#99f384070bf2d5d8f82fcfa79d8b93dbc9c0ef82"
  integrity sha512-/BlXif9VOzf/WP32g9zxl612dO0KLvwqplBFqfRcyr3PyR5fhPrilTuJxSBq3zkwCKGKy82JsoPd2JeQI/HBlA==

"@napi-rs/canvas-linux-arm-gnueabihf@1.0.1":
  version "1.0.1"
  resolved "https://registry.yarnpkg.com/@napi-rs/canvas-linux-arm-gnueabihf/-/canvas-linux-arm-gnueabihf-1.0.1.tgz#f3336eff9a7cbeefefdeaee2a4ec8df157ce97c1"
  integrity sha512-JTGq93/Pje+iSNVjL+ggB0+pqEfu7nXvQGrHTvugz+Lp08wCDa5rjov4JeEljGDk16/inVBU9sp4N9f0/+o+9A==

"@napi-rs/canvas-linux-arm64-gnu@1.0.1":
  version "1.0.1"
  resolved "https://registry.yarnpkg.com/@napi-rs/canvas-linux-arm64-gnu/-/canvas-linux-arm64-gnu-1.0.1.tgz#11a22dec5844a541a09b0e67a0b183dc8ade6017"
  integrity sha512-i74zqEh5yFmYwHkszFo+4EH4l5ATD4bSlJG21iW2j5kpqiN2b0WN9SG/xdq2O60MjZK0ZLSu3a/Z3aQAsmDQ5A==

"@napi-rs/canvas-linux-arm64-musl@1.0.1":
  version "1.0.1"
  resolved "https://registry.yarnpkg.com/@napi-rs/canvas-linux-arm64-musl/-/canvas-linux-arm64-musl-1.0.1.tgz#cd6e1455973bf7660cbfcb9b63db8bf841ba54f3"
  integrity sha512-COqBxybXcKb6gNgEhjh04rPHrpsJB+n/5+p4ySPgQWl0i+xVNYHn4rvzCtUBIFqOgY6HEJ9UaP6c4W9EMwzfpQ==

"@napi-rs/canvas-linux-riscv64-gnu@1.0.1":
  version "1.0.1"
  resolved "https://registry.yarnpkg.com/@napi-rs/canvas-linux-riscv64-gnu/-/canvas-linux-riscv64-gnu-1.0.1.tgz#bc3cd251a6e9a59ca478d0a61f9a61f782cc4860"
  integrity sha512-1vdAZGpD85lMUo7K3qtEdoIWeMc0xcpUD5PagK3fVcMSdf8dkSL5bg/KE4Rwv5NF+PYx4plrgfn0KRMOqdKtwA==

"@napi-rs/canvas-linux-x64-gnu@1.0.1":
  version "1.0.1"
  resolved "https://registry.yarnpkg.com/@napi-rs/canvas-linux-x64-gnu/-/canvas-linux-x64-gnu-1.0.1.tgz#baee71b01d7dd65052653c06cec35841a0307458"
  integrity sha512-W/iC2qJZGqKKQJ0JrNo3QkhoAy/PvzlmdYLW8Yz5/L6XgT5d7t26dnqgP2rCbL58P3CbPw7ES0Rz8OG0gn7JeQ==

"@napi-rs/canvas-linux-x64-musl@1.0.1":
  version "1.0.1"
  resolved "https://registry.yarnpkg.com/@napi-rs/canvas-linux-x64-musl/-/canvas-linux-x64-musl-1.0.1.tgz#19c2cc20eb0ae7d5caf295487293ee4049faa8ae"
  integrity sha512-a5mmIVwxF92UGUe+1c7Ap32ZRnApbRMnQC/KgYyFB0AXZShBCHVGaURq+BDkiV7jvHhVwvvAP0Q/3aWNhqgVZg==

"@napi-rs/canvas-win32-arm64-msvc@1.0.1":
  version "1.0.1"
  resolved "https://registry.yarnpkg.com/@napi-rs/canvas-win32-arm64-msvc/-/canvas-win32-arm64-msvc-1.0.1.tgz#5f9964c6a7dcc4afe26cba57c375d8661af3f6d9"
  integrity sha512-rVnDhVvcXlqcHMsgnxxhZgdRkRIqVBlx+FJwSAHi4VbWWwsowvV5ldFEecEHD2+Ac/IL3fNWF/LB5CZTghNwRA==

"@napi-rs/canvas-win32-x64-msvc@1.0.1":
  version "1.0.1"
  resolved "https://registry.yarnpkg.com/@napi-rs/canvas-win32-x64-msvc/-/canvas-win32-x64-msvc-1.0.1.tgz#8e63c73370e0b4668fd14554e16cc8dd7c520cc7"
  integrity sha512-UMstkP/nZHbithgdSJv1EvYVrYhdao5B5N3szMVU2i5/b6ijMcVPXOEyrk0QXl0iPjv8Hkoow+Tap+MiOxppOQ==

"@napi-rs/canvas@^1.0.0":
  version "1.0.1"
  resolved "https://registry.yarnpkg.com/@napi-rs/canvas/-/canvas-1.0.1.tgz#73557ad041e4ef9f875b7de4c7175e0ecaef015c"
  integrity sha512-mPD43G7pXbQhIGa7z4IpT/vXm1jbF8cBM1oY5UqjL8LSaTCNGhNi2Lidc/0+LwKbNiqbv/Tq0JlBRwKu+LW3iw==
  optionalDependencies:
    "@napi-rs/canvas-android-arm64" "1.0.1"
    "@napi-rs/canvas-darwin-arm64" "1.0.1"
    "@napi-rs/canvas-darwin-x64" "1.0.1"
    "@napi-rs/canvas-linux-arm-gnueabihf" "1.0.1"
    "@napi-rs/canvas-linux-arm64-gnu" "1.0.1"
    "@napi-rs/canvas-linux-arm64-musl" "1.0.1"
    "@napi-rs/canvas-linux-riscv64-gnu" "1.0.1"
    "@napi-rs/canvas-linux-x64-gnu" "1.0.1"
    "@napi-rs/canvas-linux-x64-musl" "1.0.1"
    "@napi-rs/canvas-win32-arm64-msvc" "1.0.1"
    "@napi-rs/canvas-win32-x64-msvc" "1.0.1"

"@puppeteer/browsers@3.0.5":
  version "3.0.5"
  resolved "https://registry.yarnpkg.com/@puppeteer/browsers/-/browsers-3.0.5.tgz#0c546a545bd4be7f39e89862200b5e93a1776d72"
  integrity sha512-xYXNuEQmHNIPWWcbL/skf2KF7seyp7c1xmKFRk3wmdFx7VwBsKVrtOLKs8ecaezsKPsWeF1YsgwIiElAscaryA==
  dependencies:
    modern-tar "^0.7.6"
    yargs "^18.0.0"

ansi-regex@^6.2.2:
  version "6.2.2"
  resolved "https://registry.yarnpkg.com/ansi-regex/-/ansi-regex-6.2.2.tgz#60216eea464d864597ce2832000738a0589650c1"
  integrity sha512-Bq3SmSpyFHaWjPk8If9yc6svM8c56dB5BAtW4Qbw5jHTwwXXcTLoRMkpDJp6VL0XzlWaCHTXrkFURMYmD0sLqg==

ansi-styles@^6.2.1:
  version "6.2.3"
  resolved "https://registry.yarnpkg.com/ansi-styles/-/ansi-styles-6.2.3.tgz#c044d5dcc521a076413472597a1acb1f103c4041"
  integrity sha512-4Dj6M28JB+oAH8kFkTLUo+a2jwOFkuqb3yucU0CANcRRUbxS0cP0nZYCGjcc3BNXwRIsUVmDGgzawme7zvJHvg==

chromium-bidi@16.0.1:
  version "16.0.1"
  resolved "https://registry.yarnpkg.com/chromium-bidi/-/chromium-bidi-16.0.1.tgz#0c6b0e55065468fc777d62032b63b73f614b1d88"
  integrity sha512-J63PGu/9PpeCwLIcKYyzWP6yaVL5pxuBc0shlYCYM8BaAkmlwiQboXO1iNbOgSDbVklEyYFfNEcHD8oOAWacUA==
  dependencies:
    mitt "^3.0.1"
    zod "^3.24.1"

cliui@^9.0.1:
  version "9.0.1"
  resolved "https://registry.yarnpkg.com/cliui/-/cliui-9.0.1.tgz#6f7890f386f6f1f79953adc1f78dec46fcc2d291"
  integrity sha512-k7ndgKhwoQveBL+/1tqGJYNz097I7WOvwbmmU2AR5+magtbjPWQTS1C5vzGkBC8Ym8UWRzfKUzUUqFLypY4Q+w==
  dependencies:
    string-width "^7.2.0"
    strip-ansi "^7.1.0"
    wrap-ansi "^9.0.0"

devtools-protocol@0.0.1638949:
  version "0.0.1638949"
  resolved "https://registry.yarnpkg.com/devtools-protocol/-/devtools-protocol-0.0.1638949.tgz#206eb6ecc1c35d2dbc833256c37655a110fbdba1"
  integrity sha512-mXwg4Fqnv0WR4iuAT/gYUmctNkjILwXFHyZ+m7Ty1dfr0ezZt2U3gnrrJTfRobJTHoXf+IbuFvFITzLrLFjwJA==

ejs@*:
  version "6.0.1"
  resolved "https://registry.yarnpkg.com/ejs/-/ejs-6.0.1.tgz#88ea8ce00335c3575d7c3602dd76e84b0bd60f43"
  integrity sha512-UaaM14yby8U3k02ihS1Bmj5Kz2d7CCQM1scxpgs4Mhkq8F1wR2gl3+Ts4h5Ne4Mnt7M9m4Dw7jsuMr3+xO4vZA==

emoji-regex@^10.3.0:
  version "10.6.0"
  resolved "https://registry.yarnpkg.com/emoji-regex/-/emoji-regex-10.6.0.tgz#bf3d6e8f7f8fd22a65d9703475bc0147357a6b0d"
  integrity sha512-toUI84YS5YmxW219erniWD0CIVOo46xGKColeNQRgOzDorgBi1v4D71/OFzgD9GO2UGKIv1C3Sp8DAn0+j5w7A==

escalade@^3.1.1:
  version "3.2.0"
  resolved "https://registry.yarnpkg.com/escalade/-/escalade-3.2.0.tgz#011a3f69856ba189dffa7dc8fcce99d2a87903e5"
  integrity sha512-WUj2qlxaQtO4g6Pq5c29GTcWGDyd8itL8zTlipgECz3JesAiiOKotd8JU6otB3PACgG6xkJUyVhboMS+bje/jA==

get-caller-file@^2.0.5:
  version "2.0.5"
  resolved "https://registry.yarnpkg.com/get-caller-file/-/get-caller-file-2.0.5.tgz#4f94412a82db32f36e3b0b9741f8a97feb031f7e"
  integrity sha512-DyFP3BM/3YHTQOCUL/w0OZHR0lpKeGrxotcHWcqNEdnltqFwXVfhEBQ94eIo34AfQpo0rGki4cyIiftY06h2Fg==

get-east-asian-width@^1.0.0:
  version "1.6.0"
  resolved "https://registry.yarnpkg.com/get-east-asian-width/-/get-east-asian-width-1.6.0.tgz#216900f91df11a8b2c198c3e1d93d6c035a776b9"
  integrity sha512-QRbvDIbx6YklUe6RxeTeleMR0yv3cYH6PsPZHcnVn7xv7zO1BHN8r0XETu8n6Ye3Q+ahtSarc3WgtNWmehIBfA==

lilconfig@^3.1.3:
  version "3.1.3"
  resolved "https://registry.yarnpkg.com/lilconfig/-/lilconfig-3.1.3.tgz#a1bcfd6257f9585bf5ae14ceeebb7b559025e4c4"
  integrity sha512-/vlFKAoH5Cgt3Ie+JLhRbwOsCQePABiU3tJ1egGvyQ+33R/vcwM2Zl2QR/LzjsBeItPt3oSVXapn+m4nQDvpzw==

mitt@^3.0.1:
  version "3.0.1"
  resolved "https://registry.yarnpkg.com/mitt/-/mitt-3.0.1.tgz#ea36cf0cc30403601ae074c8f77b7092cdab36d1"
  integrity sha512-vKivATfr97l2/QBCYAkXYDbrIWPM2IIKEl7YPhjCvKlG3kE2gm+uBo6nEXK3M5/Ffh/FLpKExzOQ3JJoJGFKBw==

modern-tar@^0.7.6:
  version "0.7.6"
  resolved "https://registry.yarnpkg.com/modern-tar/-/modern-tar-0.7.6.tgz#a01edcd55b976a2b191d857456e8abb7208a8199"
  integrity sha512-sweCIVXzx1aIGTCdzcMlSZt1h8k5Tmk08VNAuRk3IU28XamGiOH5ypi11g6De2CH7PhYqSSnGy2A/EFhbWnVKg==

pdfjs-dist@*:
  version "6.1.200"
  resolved "https://registry.yarnpkg.com/pdfjs-dist/-/pdfjs-dist-6.1.200.tgz#4d957377ab57e397172fccb96bfe008dbcb2ddd6"
  integrity sha512-o8MolyzirkkLrcdsae/HEOiIcXWI7DS5zGpvqW8xTC2YUsW30rltFw2bDGvw/fskUdEMrQm2br68jzDS5BH2vw==
  optionalDependencies:
    "@napi-rs/canvas" "^1.0.0"

puppeteer-core@25.2.1:
  version "25.2.1"
  resolved "https://registry.yarnpkg.com/puppeteer-core/-/puppeteer-core-25.2.1.tgz#ebc7ea02cf742f1714652b4d34d5e267f3da1c54"
  integrity sha512-MwEZ4FFGJ1ZLOmu/04eISxoEMKtCnHyJBRFfgpwPPSYNG6gT6Xw1laNziFSV7uwDcx3jK+ATYIo9SfOd8Uhc3w==
  dependencies:
    "@puppeteer/browsers" "3.0.5"
    chromium-bidi "16.0.1"
    devtools-protocol "0.0.1638949"
    typed-query-selector "^2.12.2"
    webdriver-bidi-protocol "0.4.2"
    ws "^8.21.0"

puppeteer@*:
  version "25.2.1"
  resolved "https://registry.yarnpkg.com/puppeteer/-/puppeteer-25.2.1.tgz#a8ac6879ffd0d08322d8a266763da3bb9e6d4e19"
  integrity sha512-2D5RMkQH9FRhDU57a1/jV9xWoxqZvUjaZOYjAAPdRCEY8A01V5sxzyGOMs8XiKU9fPF91SOSwNYpHRu5SD958g==
  dependencies:
    "@puppeteer/browsers" "3.0.5"
    chromium-bidi "16.0.1"
    devtools-protocol "0.0.1638949"
    lilconfig "^3.1.3"
    puppeteer-core "25.2.1"
    typed-query-selector "^2.12.2"

string-width@^7.0.0, string-width@^7.2.0:
  version "7.2.0"
  resolved "https://registry.yarnpkg.com/string-width/-/string-width-7.2.0.tgz#b5bb8e2165ce275d4d43476dd2700ad9091db6dc"
  integrity sha512-tsaTIkKW9b4N+AEj+SVA+WhJzV7/zMhcSu78mLKWSk7cXMOSHsBKFWUs0fWwq8QyK3MgJBQRX6Gbi4kYbdvGkQ==
  dependencies:
    emoji-regex "^10.3.0"
    get-east-asian-width "^1.0.0"
    strip-ansi "^7.1.0"

strip-ansi@^7.1.0:
  version "7.2.0"
  resolved "https://registry.yarnpkg.com/strip-ansi/-/strip-ansi-7.2.0.tgz#d22a269522836a627af8d04b5c3fd2c7fa3e32e3"
  integrity sha512-yDPMNjp4WyfYBkHnjIRLfca1i6KMyGCtsVgoKe/z1+6vukgaENdgGBZt+ZmKPc4gavvEZ5OgHfHdrazhgNyG7w==
  dependencies:
    ansi-regex "^6.2.2"

typed-query-selector@^2.12.2:
  version "2.12.2"
  resolved "https://registry.yarnpkg.com/typed-query-selector/-/typed-query-selector-2.12.2.tgz#65e2462ac6b0aecfae1bfac1a4f3027070dbabaa"
  integrity sha512-EOPFbyIub4ngnEdqi2yOcNeDLaX/0jcE1JoAXQDDMIthap7FoN795lc/SHfIq2d416VufXpM8z/lD+WRm2gfOQ==

webdriver-bidi-protocol@0.4.2:
  version "0.4.2"
  resolved "https://registry.yarnpkg.com/webdriver-bidi-protocol/-/webdriver-bidi-protocol-0.4.2.tgz#f51bb71c2606e90e3d5727607c728b25d617b58b"
  integrity sha512-VSV+fzfChirL3e7jay2yUC7B4HQCGtEWEg/MSSQbK+qWbqeGlRLlXTzPpYr3XGUvbpDHumWZBJxgesg4N7dbtA==

wrap-ansi@^9.0.0:
  version "9.0.2"
  resolved "https://registry.yarnpkg.com/wrap-ansi/-/wrap-ansi-9.0.2.tgz#956832dea9494306e6d209eb871643bb873d7c98"
  integrity sha512-42AtmgqjV+X1VpdOfyTGOYRi0/zsoLqtXQckTmqTeybT+BDIbM/Guxo7x3pE2vtpr1ok6xRqM9OpBe+Jyoqyww==
  dependencies:
    ansi-styles "^6.2.1"
    string-width "^7.0.0"
    strip-ansi "^7.1.0"

ws@^8.21.0:
  version "8.21.0"
  resolved "https://registry.yarnpkg.com/ws/-/ws-8.21.0.tgz#012e413fc07429945121b0c153158c4343086951"
  integrity sha512-Vsp28b7DRcimFQvrqu2Wek3z1iYxDCWqHYB8Qsnk/S4RfaCQzPGPyBNuVjJV3cd6UiKtUtp6sNM77gWvzcCH+g==

y18n@^5.0.5:
  version "5.0.8"
  resolved "https://registry.yarnpkg.com/y18n/-/y18n-5.0.8.tgz#7f4934d0f7ca8c56f95314939ddcd2dd91ce1d55"
  integrity sha512-0pfFzegeDWJHJIAmTLRP2DwHjdF5s7jo9tuztdQxAhINCdvS+3nGINqPd00AphqJR/0LhANUS6/+7SCb98YOfA==

yargs-parser@^22.0.0:
  version "22.0.0"
  resolved "https://registry.yarnpkg.com/yargs-parser/-/yargs-parser-22.0.0.tgz#87b82094051b0567717346ecd00fd14804b357c8"
  integrity sha512-rwu/ClNdSMpkSrUb+d6BRsSkLUq1fmfsY6TOpYzTwvwkg1/NRG85KBy3kq++A8LKQwX6lsu+aWad+2khvuXrqw==

yargs@^18.0.0:
  version "18.0.0"
  resolved "https://registry.yarnpkg.com/yargs/-/yargs-18.0.0.tgz#6c84259806273a746b09f579087b68a3c2d25bd1"
  integrity sha512-4UEqdc2RYGHZc7Doyqkrqiln3p9X2DZVxaGbwhn2pi7MrRagKaOcIKe8L3OxYcbhXLgLFUS3zAYuQjKBQgmuNg==
  dependencies:
    cliui "^9.0.1"
    escalade "^3.1.1"
    get-caller-file "^2.0.5"
    string-width "^7.2.0"
    y18n "^5.0.5"
    yargs-parser "^22.0.0"

zod@^3.24.1:
  version "3.25.76"
  resolved "https://registry.yarnpkg.com/zod/-/zod-3.25.76.tgz#26841c3f6fd22a6a2760e7ccb719179768471e34"
  integrity sha512-gzUt/qt81nXsFGKIFcC3YnfEAx5NkunCfnDlvuBSSFS02bcXu4Lmea0AFIUwbLWxWPx3d9p8S5QoaujKcNQxcQ==
