# THIS IS AN AUTOGENERATED FILE. DO NOT EDIT THIS FILE DIRECTLY.
# yarn lockfile v1


"@napi-rs/canvas-android-arm64@1.0.6":
  version "1.0.6"
  resolved "https://registry.yarnpkg.com/@napi-rs/canvas-android-arm64/-/canvas-android-arm64-1.0.6.tgz#4d69a3a1ebfe46942659021f82b793326e839b11"
  integrity sha512-CZUmZEyN/cmSN1OhRJ44vBE6xyb5ekBbsIF8dqNgizbnAiHSFNi8eAA4oyyIAe5KzJ72K16OKC2lAynZLhv32Q==

"@napi-rs/canvas-darwin-arm64@1.0.6":
  version "1.0.6"
  resolved "https://registry.yarnpkg.com/@napi-rs/canvas-darwin-arm64/-/canvas-darwin-arm64-1.0.6.tgz#8f67b57722b496c086bd3e242df0e0ca755293d1"
  integrity sha512-FGJsIngRfS9LDaX4t/lFthqn2Km6b61ONzjJFC6+yuabL1NgaK7x0fwrj8276OQFkjCvSpJZ7+CeZWgcy03F2w==

"@napi-rs/canvas-darwin-x64@1.0.6":
  version "1.0.6"
  resolved "https://registry.yarnpkg.com/@napi-rs/canvas-darwin-x64/-/canvas-darwin-x64-1.0.6.tgz#3460f706e916966c7621a7fd4a25e3510cfcad81"
  integrity sha512-wLDrtfX9V4bu6O55/WwGvPVCjfunL2bEm59lzIFk9ZQOt7oJrPzdx/ytZiQr6bMZ9XOFwvXujszYtpoCK7yUbg==

"@napi-rs/canvas-linux-arm-gnueabihf@1.0.6":
  version "1.0.6"
  resolved "https://registry.yarnpkg.com/@napi-rs/canvas-linux-arm-gnueabihf/-/canvas-linux-arm-gnueabihf-1.0.6.tgz#8ffdb1b0aca09d353add64db89cb3d2cf34e88b4"
  integrity sha512-8TllEP/9UPDVxrBN/tnbGBsxxwG8Eo2tgyW8wDy+Gi9rm9si2I6MsDv9MlfI3a7JOuzkBcurHYDHZxwLgzAIdA==

"@napi-rs/canvas-linux-arm64-gnu@1.0.6":
  version "1.0.6"
  resolved "https://registry.yarnpkg.com/@napi-rs/canvas-linux-arm64-gnu/-/canvas-linux-arm64-gnu-1.0.6.tgz#75ac310e3a25f5e76d36fb235f46899afbb71a5c"
  integrity sha512-YF15AKoGrgU7aoA03CR+cATCRPQcVt6L14Lb/a9hqK7pT7/DhIkqh4qyl+a2GLfqx++yIIJfBuZ3sHM3zlXM1Q==

"@napi-rs/canvas-linux-arm64-musl@1.0.6":
  version "1.0.6"
  resolved "https://registry.yarnpkg.com/@napi-rs/canvas-linux-arm64-musl/-/canvas-linux-arm64-musl-1.0.6.tgz#ad239a2e3013cc17a2ba33b2835e2b584862498f"
  integrity sha512-zXeVWNFpj720HZln0bfAs+1/nP3Wy6Z5hUw60UJu+cvgips5jZtuX2+EjDHFk98q3BY35GaE1TQLwE9S244vPA==

"@napi-rs/canvas-linux-riscv64-gnu@1.0.6":
  version "1.0.6"
  resolved "https://registry.yarnpkg.com/@napi-rs/canvas-linux-riscv64-gnu/-/canvas-linux-riscv64-gnu-1.0.6.tgz#6be0f8c6c2f9e834448dea6636fbbcdd669eec44"
  integrity sha512-kvy1Ypq4ODEI2WRNGvs588qTMcWCjlEIuZRyW8JXpiBnMUirgxQukIDFVDQEcrLlHP5cqZ9cvvfOkBJ7koOktA==

"@napi-rs/canvas-linux-x64-gnu@1.0.6":
  version "1.0.6"
  resolved "https://registry.yarnpkg.com/@napi-rs/canvas-linux-x64-gnu/-/canvas-linux-x64-gnu-1.0.6.tgz#663224c44f54bb4a140f42b5d22784f7a3dcce1f"
  integrity sha512-czHnfLgSCl48iluS6bNrytGYhsbSTUuIvMucAwO0mPEj1uhkHk6SUiRI0xoqv0PSFzpGFfSnQvFpm7vV+tDO+A==

"@napi-rs/canvas-linux-x64-musl@1.0.6":
  version "1.0.6"
  resolved "https://registry.yarnpkg.com/@napi-rs/canvas-linux-x64-musl/-/canvas-linux-x64-musl-1.0.6.tgz#e150d6b8e640c273e4f8f4c03d14cb5b59a35394"
  integrity sha512-afsg6GyfUx8qZzjsywjimXUEWcSWETY5F80hmMb2FWVSXkRbor8IpftY2gXnasq+Y42Xug/76qTHwqvti7HRTw==

"@napi-rs/canvas-win32-arm64-msvc@1.0.6":
  version "1.0.6"
  resolved "https://registry.yarnpkg.com/@napi-rs/canvas-win32-arm64-msvc/-/canvas-win32-arm64-msvc-1.0.6.tgz#3cec42caf53ae9e5fffd38d843c765a3ba335801"
  integrity sha512-byzha357piy0wgK6IZOQtU4plpt94f6CxHFS7LhJpWYrDWWT/AitQNxRMfCNNaQHZXUB3BwNhQSfH2RpiZ0WaQ==

"@napi-rs/canvas-win32-x64-msvc@1.0.6":
  version "1.0.6"
  resolved "https://registry.yarnpkg.com/@napi-rs/canvas-win32-x64-msvc/-/canvas-win32-x64-msvc-1.0.6.tgz#ee1cb07b3721f8080fcd65f8fb897d7d06c318a6"
  integrity sha512-gWLOgKGZz3hZhzg49q2PJIURwy2pCWh1zvNFXmLO1yineOPhEpoL3EV6/VIjOiKa1l2P6ieP12Eo385u1MLLVQ==

"@napi-rs/canvas@^1.0.0":
  version "1.0.6"
  resolved "https://registry.yarnpkg.com/@napi-rs/canvas/-/canvas-1.0.6.tgz#7d126a6f157dc8cc9a88b03cc99ca1a38804141c"
  integrity sha512-Ud4d0jLr9vSaakvfOTIjgP3hoY8kMIYgHC4mtE4L0bP3St9lf6TyCVsInvFIOEofzcUeMfDydHDy8Fs2WuWz+A==
  optionalDependencies:
    "@napi-rs/canvas-android-arm64" "1.0.6"
    "@napi-rs/canvas-darwin-arm64" "1.0.6"
    "@napi-rs/canvas-darwin-x64" "1.0.6"
    "@napi-rs/canvas-linux-arm-gnueabihf" "1.0.6"
    "@napi-rs/canvas-linux-arm64-gnu" "1.0.6"
    "@napi-rs/canvas-linux-arm64-musl" "1.0.6"
    "@napi-rs/canvas-linux-riscv64-gnu" "1.0.6"
    "@napi-rs/canvas-linux-x64-gnu" "1.0.6"
    "@napi-rs/canvas-linux-x64-musl" "1.0.6"
    "@napi-rs/canvas-win32-arm64-msvc" "1.0.6"
    "@napi-rs/canvas-win32-x64-msvc" "1.0.6"

"@puppeteer/browsers@3.2.1":
  version "3.2.1"
  resolved "https://registry.yarnpkg.com/@puppeteer/browsers/-/browsers-3.2.1.tgz#3e55213975c3e574c77c1abc7fed3e947c01ab47"
  integrity sha512-KDz+3qDRdBAlRlMjmKyj6dEs33YHTk/xRHEENSXq6TNnhgoU15ruSHtEBeVF6OZ9tBDY55Se4P0nFMNsipzU9A==
  dependencies:
    modern-tar "^0.8.0"
    yargs "^18.0.0"

ansi-regex@^6.2.2:
  version "6.3.0"
  resolved "https://registry.yarnpkg.com/ansi-regex/-/ansi-regex-6.3.0.tgz#247c8e7b70a1a43b10ce14c0226fcbf58e8815d5"
  integrity sha512-WpDfL7NO6j7tH88IDBNVdUJxDh9nmCteAVW9dsep846XdwF4naCBK+/tGLX3KJgcpgMRXCFlTM2hKGoK9FsdrQ==

ansi-styles@^6.2.1:
  version "6.2.3"
  resolved "https://registry.yarnpkg.com/ansi-styles/-/ansi-styles-6.2.3.tgz#c044d5dcc521a076413472597a1acb1f103c4041"
  integrity sha512-4Dj6M28JB+oAH8kFkTLUo+a2jwOFkuqb3yucU0CANcRRUbxS0cP0nZYCGjcc3BNXwRIsUVmDGgzawme7zvJHvg==

chromium-bidi@17.0.2:
  version "17.0.2"
  resolved "https://registry.yarnpkg.com/chromium-bidi/-/chromium-bidi-17.0.2.tgz#921a586deecd0c2d8b9242c4c1b73c3aa39ff77c"
  integrity sha512-5v9GQFhTktFvotn/OFNJBmKLKRAb6n9r0bVCwf7sHgWc3/JryK0bj1nn93L3pHFrfgcsu6Be6EWsDi+1XHTGDg==
  dependencies:
    mitt "^3.0.1"
    zod "^3.24.1"

cliui@^9.0.1:
  version "9.0.1"
  resolved "https://registry.yarnpkg.com/cliui/-/cliui-9.0.1.tgz#6f7890f386f6f1f79953adc1f78dec46fcc2d291"
  integrity sha512-k7ndgKhwoQveBL+/1tqGJYNz097I7WOvwbmmU2AR5+magtbjPWQTS1C5vzGkBC8Ym8UWRzfKUzUUqFLypY4Q+w==
  dependencies:
    string-width "^7.2.0"
    strip-ansi "^7.1.0"
    wrap-ansi "^9.0.0"

devtools-protocol@0.0.1666840:
  version "0.0.1666840"
  resolved "https://registry.yarnpkg.com/devtools-protocol/-/devtools-protocol-0.0.1666840.tgz#796cbc307f82750afc13a3b471c829bf3da19a65"
  integrity sha512-gCcO42XCHKEs7Ag0S7aGYsnJ7hlgrO3qderYqeiY0Eqk+0GFfuvT13IA0hHreJTa2KCdDVyGMeOhdMNmrrTjVg==

ejs@*:
  version "6.0.1"
  resolved "https://registry.yarnpkg.com/ejs/-/ejs-6.0.1.tgz#88ea8ce00335c3575d7c3602dd76e84b0bd60f43"
  integrity sha512-UaaM14yby8U3k02ihS1Bmj5Kz2d7CCQM1scxpgs4Mhkq8F1wR2gl3+Ts4h5Ne4Mnt7M9m4Dw7jsuMr3+xO4vZA==

emoji-regex@^10.3.0:
  version "10.6.0"
  resolved "https://registry.yarnpkg.com/emoji-regex/-/emoji-regex-10.6.0.tgz#bf3d6e8f7f8fd22a65d9703475bc0147357a6b0d"
  integrity sha512-toUI84YS5YmxW219erniWD0CIVOo46xGKColeNQRgOzDorgBi1v4D71/OFzgD9GO2UGKIv1C3Sp8DAn0+j5w7A==

escalade@^3.1.1:
  version "3.2.0"
  resolved "https://registry.yarnpkg.com/escalade/-/escalade-3.2.0.tgz#011a3f69856ba189dffa7dc8fcce99d2a87903e5"
  integrity sha512-WUj2qlxaQtO4g6Pq5c29GTcWGDyd8itL8zTlipgECz3JesAiiOKotd8JU6otB3PACgG6xkJUyVhboMS+bje/jA==

get-caller-file@^2.0.5:
  version "2.0.5"
  resolved "https://registry.yarnpkg.com/get-caller-file/-/get-caller-file-2.0.5.tgz#4f94412a82db32f36e3b0b9741f8a97feb031f7e"
  integrity sha512-DyFP3BM/3YHTQOCUL/w0OZHR0lpKeGrxotcHWcqNEdnltqFwXVfhEBQ94eIo34AfQpo0rGki4cyIiftY06h2Fg==

get-east-asian-width@^1.0.0, get-east-asian-width@^1.5.0:
  version "1.6.0"
  resolved "https://registry.yarnpkg.com/get-east-asian-width/-/get-east-asian-width-1.6.0.tgz#216900f91df11a8b2c198c3e1d93d6c035a776b9"
  integrity sha512-QRbvDIbx6YklUe6RxeTeleMR0yv3cYH6PsPZHcnVn7xv7zO1BHN8r0XETu8n6Ye3Q+ahtSarc3WgtNWmehIBfA==

lilconfig@^3.1.3:
  version "3.1.3"
  resolved "https://registry.yarnpkg.com/lilconfig/-/lilconfig-3.1.3.tgz#a1bcfd6257f9585bf5ae14ceeebb7b559025e4c4"
  integrity sha512-/vlFKAoH5Cgt3Ie+JLhRbwOsCQePABiU3tJ1egGvyQ+33R/vcwM2Zl2QR/LzjsBeItPt3oSVXapn+m4nQDvpzw==

mitt@^3.0.1:
  version "3.0.1"
  resolved "https://registry.yarnpkg.com/mitt/-/mitt-3.0.1.tgz#ea36cf0cc30403601ae074c8f77b7092cdab36d1"
  integrity sha512-vKivATfr97l2/QBCYAkXYDbrIWPM2IIKEl7YPhjCvKlG3kE2gm+uBo6nEXK3M5/Ffh/FLpKExzOQ3JJoJGFKBw==

modern-tar@^0.8.0:
  version "0.8.4"
  resolved "https://registry.yarnpkg.com/modern-tar/-/modern-tar-0.8.4.tgz#25d2de2f522250012f33a3b366400b49741f6b8e"
  integrity sha512-gN54ddmyzEg10orwZ2u4OOv+bjpMWdIl5jIkodK97bMq8QBSL5c0D7YX0lT1Ooz+99S7+PvFbnxzdjgHo1r41g==

pdfjs-dist@*:
  version "6.2.108"
  resolved "https://registry.yarnpkg.com/pdfjs-dist/-/pdfjs-dist-6.2.108.tgz#1e0ce0f4b3a034f953dbbe2334ab01fbddf0eb30"
  integrity sha512-YxFb+SQcodN2rnX9Tn3dHYlqfb7NjlzzfONPpJd+AKoKtUjEdevTfbC07d5TcczzOK6261auRkP/M8OBHs9vFQ==
  optionalDependencies:
    "@napi-rs/canvas" "^1.0.0"

puppeteer-core@25.8.0:
  version "25.8.0"
  resolved "https://registry.yarnpkg.com/puppeteer-core/-/puppeteer-core-25.8.0.tgz#ca64b005aa21732ca8f5f3f98379739114ae09c5"
  integrity sha512-LDOrawV8vfCVk+yLj2ozvajNP4Sv3OV9y3Tpiyy2g2Z+aQlbcozP6KJfI4iSBq7YQER+86ihEtPa5ioiZyWxMQ==
  dependencies:
    "@puppeteer/browsers" "3.2.1"
    chromium-bidi "17.0.2"
    devtools-protocol "0.0.1666840"
    typed-query-selector "^2.12.2"
    webdriver-bidi-protocol "0.4.2"
    ws "^8.21.1"

puppeteer@*:
  version "25.8.0"
  resolved "https://registry.yarnpkg.com/puppeteer/-/puppeteer-25.8.0.tgz#70e2bbae9b95439e870a0aa403e5c5d755f2a14f"
  integrity sha512-3gcUJ+Jfodb5zNa/lWLZukBUwYiRIwAc8WRICoqfi+ZYmNWqpsPFyanTU3Gw/lhgII9aotVbAmhT6/NKHWgyUA==
  dependencies:
    "@puppeteer/browsers" "3.2.1"
    chromium-bidi "17.0.2"
    devtools-protocol "0.0.1666840"
    lilconfig "^3.1.3"
    puppeteer-core "25.8.0"
    typed-query-selector "^2.12.2"

string-width@^7.0.0, string-width@^7.2.0:
  version "7.2.0"
  resolved "https://registry.yarnpkg.com/string-width/-/string-width-7.2.0.tgz#b5bb8e2165ce275d4d43476dd2700ad9091db6dc"
  integrity sha512-tsaTIkKW9b4N+AEj+SVA+WhJzV7/zMhcSu78mLKWSk7cXMOSHsBKFWUs0fWwq8QyK3MgJBQRX6Gbi4kYbdvGkQ==
  dependencies:
    emoji-regex "^10.3.0"
    get-east-asian-width "^1.0.0"
    strip-ansi "^7.1.0"

string-width@^8.2.1:
  version "8.2.2"
  resolved "https://registry.yarnpkg.com/string-width/-/string-width-8.2.2.tgz#7310516493df575742fe98af6fae87d85d5ed0ac"
  integrity sha512-GaPUh5gfdrYzqeVNZvUfT23vYYxXzKYidUcnMtJg/3rxRV63EFZy3k6xfKlmfeJD0176lnUV/Usr3XcwSvFzpg==
  dependencies:
    get-east-asian-width "^1.5.0"
    strip-ansi "^7.1.2"

strip-ansi@^7.1.0, strip-ansi@^7.1.2:
  version "7.2.0"
  resolved "https://registry.yarnpkg.com/strip-ansi/-/strip-ansi-7.2.0.tgz#d22a269522836a627af8d04b5c3fd2c7fa3e32e3"
  integrity sha512-yDPMNjp4WyfYBkHnjIRLfca1i6KMyGCtsVgoKe/z1+6vukgaENdgGBZt+ZmKPc4gavvEZ5OgHfHdrazhgNyG7w==
  dependencies:
    ansi-regex "^6.2.2"

typed-query-selector@^2.12.2:
  version "2.12.2"
  resolved "https://registry.yarnpkg.com/typed-query-selector/-/typed-query-selector-2.12.2.tgz#65e2462ac6b0aecfae1bfac1a4f3027070dbabaa"
  integrity sha512-EOPFbyIub4ngnEdqi2yOcNeDLaX/0jcE1JoAXQDDMIthap7FoN795lc/SHfIq2d416VufXpM8z/lD+WRm2gfOQ==

webdriver-bidi-protocol@0.4.2:
  version "0.4.2"
  resolved "https://registry.yarnpkg.com/webdriver-bidi-protocol/-/webdriver-bidi-protocol-0.4.2.tgz#f51bb71c2606e90e3d5727607c728b25d617b58b"
  integrity sha512-VSV+fzfChirL3e7jay2yUC7B4HQCGtEWEg/MSSQbK+qWbqeGlRLlXTzPpYr3XGUvbpDHumWZBJxgesg4N7dbtA==

wrap-ansi@^9.0.0:
  version "9.0.2"
  resolved "https://registry.yarnpkg.com/wrap-ansi/-/wrap-ansi-9.0.2.tgz#956832dea9494306e6d209eb871643bb873d7c98"
  integrity sha512-42AtmgqjV+X1VpdOfyTGOYRi0/zsoLqtXQckTmqTeybT+BDIbM/Guxo7x3pE2vtpr1ok6xRqM9OpBe+Jyoqyww==
  dependencies:
    ansi-styles "^6.2.1"
    string-width "^7.0.0"
    strip-ansi "^7.1.0"

ws@^8.21.1:
  version "8.21.3"
  resolved "https://registry.yarnpkg.com/ws/-/ws-8.21.3.tgz#660b4faddb6a3e575c86e078126919961f4de4fc"
  integrity sha512-201TZ/kPWxoPr/OKWjquZR1SWKXcvxdH+e1xrx89b3YbmzLMFCLfnaG1HFIgWzJOEWZ7MvpK++odZufgYR50Rw==

y18n@^5.0.5:
  version "5.0.8"
  resolved "https://registry.yarnpkg.com/y18n/-/y18n-5.0.8.tgz#7f4934d0f7ca8c56f95314939ddcd2dd91ce1d55"
  integrity sha512-0pfFzegeDWJHJIAmTLRP2DwHjdF5s7jo9tuztdQxAhINCdvS+3nGINqPd00AphqJR/0LhANUS6/+7SCb98YOfA==

yargs-parser@^22.0.0:
  version "22.0.0"
  resolved "https://registry.yarnpkg.com/yargs-parser/-/yargs-parser-22.0.0.tgz#87b82094051b0567717346ecd00fd14804b357c8"
  integrity sha512-rwu/ClNdSMpkSrUb+d6BRsSkLUq1fmfsY6TOpYzTwvwkg1/NRG85KBy3kq++A8LKQwX6lsu+aWad+2khvuXrqw==

yargs@^18.0.0:
  version "18.1.0"
  resolved "https://registry.yarnpkg.com/yargs/-/yargs-18.1.0.tgz#cd7e98c703ef51695bbbf062ed58f28e94291b56"
  integrity sha512-2rAgRKu54VsHkqI0/tYkmluGXHD4KW7yZoycuqDQ15QOTnc2VVfy0nN/1eMhnQLO00A+dwtK20xuCnc1YGeUyg==
  dependencies:
    cliui "^9.0.1"
    escalade "^3.1.1"
    get-caller-file "^2.0.5"
    string-width "^8.2.1"
    y18n "^5.0.5"
    yargs-parser "^22.0.0"

zod@^3.24.1:
  version "3.25.76"
  resolved "https://registry.yarnpkg.com/zod/-/zod-3.25.76.tgz#26841c3f6fd22a6a2760e7ccb719179768471e34"
  integrity sha512-gzUt/qt81nXsFGKIFcC3YnfEAx5NkunCfnDlvuBSSFS02bcXu4Lmea0AFIUwbLWxWPx3d9p8S5QoaujKcNQxcQ==
